// !$*UTF8*$!
{
	archiveVersion = 1;
	classes = {
	};
	objectVersion = 50;
	objects = {

/* Begin PBXBuildFile section */
		976F30892386EB35009C0880 /* AppDelegate.swift in Sources */ = {isa = PBXBuildFile; fileRef = 976F30882386EB35009C0880 /* AppDelegate.swift */; };
		976F308B2386EB35009C0880 /* SceneDelegate.swift in Sources */ = {isa = PBXBuildFile; fileRef = 976F308A2386EB35009C0880 /* SceneDelegate.swift */; };
		976F308D2386EB35009C0880 /* loginViewController.swift in Sources */ = {isa = PBXBuildFile; fileRef = 976F308C2386EB35009C0880 /* loginViewController.swift */; };
		976F30922386EB38009C0880 /* Assets.xcassets in Resources */ = {isa = PBXBuildFile; fileRef = 976F30912386EB38009C0880 /* Assets.xcassets */; };
		976F30952386EB38009C0880 /* LaunchScreen.storyboard in Resources */ = {isa = PBXBuildFile; fileRef = 976F30932386EB38009C0880 /* LaunchScreen.storyboard */; };
		976F30A12387274C009C0880 /* SignUpViewController.swift in Sources */ = {isa = PBXBuildFile; fileRef = 976F30A02387274C009C0880 /* SignUpViewController.swift */; };
/* End PBXBuildFile section */

/* Begin PBXFileReference section */
		976F30852386EB35009C0880 /* FirebaseProject.app */ = {isa = PBXFileReference; explicitFileType = wrapper.application; includeInIndex = 0; path = FirebaseProject.app; sourceTree = BUILT_PRODUCTS_DIR; };
		976F30882386EB35009C0880 /* AppDelegate.swift */ = {isa = PBXFileReference; lastKnownFileType = sourcecode.swift; path = AppDelegate.swift; sourceTree = "<group>"; };
		976F308A2386EB35009C0880 /* SceneDelegate.swift */ = {isa = PBXFileReference; lastKnownFileType = sourcecode.swift; path = SceneDelegate.swift; sourceTree = "<group>"; };
		976F308C2386EB35009C0880 /* loginViewController.swift */ = {isa = PBXFileReference; lastKnownFileType = sourcecode.swift; path = loginViewController.swift; sourceTree = "<group>"; };
		976F30912386EB38009C0880 /* Assets.xcassets */ = {isa = PBXFileReference; lastKnownFileType = folder.assetcatalog; path = Assets.xcassets; sourceTree = "<group>"; };
		976F30942386EB38009C0880 /* Base */ = {isa = PBXFileReference; lastKnownFileType = file.storyboard; name = Base; path = Base.lproj/LaunchScreen.storyboard; sourceTree = "<group>"; };
		976F30962386EB39009C0880 /* Info.plist */ = {isa = PBXFileReference; lastKnownFileType = text.plist.xml; path = Info.plist; sourceTree = "<group>"; };
		976F30A02387274C009C0880 /* SignUpViewController.swift */ = {isa = PBXFileReference; lastKnownFileType = sourcecode.swift; path = SignUpViewController.swift; sourceTree = "<group>"; };
/* End PBXFileReference section */

/* Begin PBXFrameworksBuildPhase section */
		976F30822386EB35009C0880 /* Frameworks */ = {
			isa = PBXFrameworksBuildPhase;
			buildActionMask = 2147483647;
			files = (
			);
			runOnlyForDeploymentPostprocessing = 0;
		};
/* End PBXFrameworksBuildPhase section */

/* Begin PBXGroup section */
		976F307C2386EB35009C0880 = {
			isa = PBXGroup;
			children = (
				976F30872386EB35009C0880 /* FirebaseProject */,
				976F30862386EB35009C0880 /* Products */,
			);
			sourceTree = "<group>";
		};
		976F30862386EB35009C0880 /* Products */ = {
			isa = PBXGroup;
			children = (
				976F30852386EB35009C0880 /* FirebaseProject.app */,
			);
			name = Products;
			sourceTree = "<group>";
		};
		976F30872386EB35009C0880 /* FirebaseProject */ = {
			isa = PBXGroup;
			children = (
				976F309F2387257D009C0880 /* Supporting Files */,
				976F309E23872573009C0880 /* Models */,
				976F309D23872568009C0880 /* Views */,
				976F309C23872556009C0880 /* Controllers */,
				976F30912386EB38009C0880 /* Assets.xcassets */,
				976F30932386EB38009C0880 /* LaunchScreen.storyboard */,
				976F30962386EB39009C0880 /* Info.plist */,
			);
			path = FirebaseProject;
			sourceTree = "<group>";
		};
		976F309C23872556009C0880 /* Controllers */ = {
			isa = PBXGroup;
			children = (
				976F308C2386EB35009C0880 /* loginViewController.swift */,
				976F30A02387274C009C0880 /* SignUpViewController.swift */,
			);
			path = Controllers;
			sourceTree = "<group>";
		};
		976F309D23872568009C0880 /* Views */ = {
			isa = PBXGroup;
			children = (
			);
			path = Views;
			sourceTree = "<group>";
		};
		976F309E23872573009C0880 /* Models */ = {
			isa = PBXGroup;
			children = (
			);
			path = Models;
			sourceTree = "<group>";
		};
		976F309F2387257D009C0880 /* Supporting Files */ = {
			isa = PBXGroup;
			children = (
				976F308A2386EB35009C0880 /* SceneDelegate.swift */,
				976F30882386EB35009C0880 /* AppDelegate.swift */,
			);
			path = "Supporting Files";
			sourceTree = "<group>";
		};
/* End PBXGroup section */

/* Begin PBXNativeTarget section */
		976F30842386EB35009C0880 /* FirebaseProject */ = {
			isa = PBXNativeTarget;
			buildConfigurationList = 976F30992386EB39009C0880 /* Build configuration list for PBXNativeTarget "FirebaseProject" */;
			buildPhases = (
				976F30812386EB35009C0880 /* Sources */,
				976F30822386EB35009C0880 /* Frameworks */,
				976F30832386EB35009C0880 /* Resources */,
			);
			buildRules = (
			);
			dependencies = (
			);
			name = FirebaseProject;
			productName = FirebaseProject;
			productReference = 976F30852386EB35009C0880 /* FirebaseProject.app */;
			productType = "com.apple.product-type.application";
		};
/* End PBXNativeTarget section */

/* Begin PBXProject section */
		976F307D2386EB35009C0880 /* Project object */ = {
			isa = PBXProject;
			attributes = {
				LastSwiftUpdateCheck = 1110;
				LastUpgradeCheck = 1110;
				ORGANIZATIONNAME = Antnee;
				TargetAttributes = {
					976F30842386EB35009C0880 = {
						CreatedOnToolsVersion = 11.1;
					};
				};
			};
			buildConfigurationList = 976F30802386EB35009C0880 /* Build configuration list for PBXProject "FirebaseProject" */;
			compatibilityVersion = "Xcode 9.3";
			developmentRegion = en;
			hasScannedForEncodings = 0;
			knownRegions = (
				en,
				Base,
			);
			mainGroup = 976F307C2386EB35009C0880;
			productRefGroup = 976F30862386EB35009C0880 /* Products */;
			projectDirPath = "";
			projectRoot = "";
			targets = (
				976F30842386EB35009C0880 /* FirebaseProject */,
			);
		};
/* End PBXProject section */

/* Begin PBXResourcesBuildPhase section */
		976F30832386EB35009C0880 /* Resources */ = {
			isa = PBXResourcesBuildPhase;
			buildActionMask = 2147483647;
			files = (
				976F30952386EB38009C0880 /* LaunchScreen.storyboard in Resources */,
				976F30922386EB38009C0880 /* Assets.xcassets in Resources */,
			);
			runOnlyForDeploymentPostprocessing = 0;
		};
/* End PBXResourcesBuildPhase section */

/* Begin PBXSourcesBuildPhase section */
		976F30812386EB35009C0880 /* Sources */ = {
			isa = PBXSourcesBuildPhase;
			buildActionMask = 2147483647;
			files = (
				976F308D2386EB35009C0880 /* loginViewController.swift in Sources */,
				976F30892386EB35009C0880 /* AppDelegate.swift in Sources */,
				976F30A12387274C009C0880 /* SignUpViewController.swift in Sources */,
				976F308B2386EB35009C0880 /* SceneDelegate.swift in Sources */,
			);
			runOnlyForDeploymentPostprocessing = 0;
		};
/* End PBXSourcesBuildPhase section */

/* Begin PBXVariantGroup section */
		976F30932386EB38009C0880 /* LaunchScreen.storyboard */ = {
			isa = PBXVariantGroup;
			children = (
				976F30942386EB38009C0880 /* Base */,
			);
			name = LaunchScreen.storyboard;
			sourceTree = "<group>";
		};
/* End PBXVariantGroup section */

/* Begin XCBuildConfiguration section */
		976F30972386EB39009C0880 /* Debug */ = {
			isa = XCBuildConfiguration;
			buildSettings = {
				ALWAYS_SEARCH_USER_PATHS = NO;
				CLANG_ANALYZER_NONNULL = YES;
				CLANG_ANALYZER_NUMBER_OBJECT_CONVERSION = YES_AGGRESSIVE;
				CLANG_CXX_LANGUAGE_STANDARD = "gnu++14";
				CLANG_CXX_LIBRARY = "libc++";
				CLANG_ENABLE_MODULES = YES;
				CLANG_ENABLE_OBJC_ARC = YES;
				CLANG_ENABLE_OBJC_WEAK = YES;
				CLANG_WARN_BLOCK_CAPTURE_AUTORELEASING = YES;
				CLANG_WARN_BOOL_CONVERSION = YES;
				CLANG_WARN_COMMA = YES;
				CLANG_WARN_CONSTANT_CONVERSION = YES;
				CLANG_WARN_DEPRECATED_OBJC_IMPLEMENTATIONS = YES;
				CLANG_WARN_DIRECT_OBJC_ISA_USAGE = YES_ERROR;
				CLANG_WARN_DOCUMENTATION_COMMENTS = YES;
				CLANG_WARN_EMPTY_BODY = YES;
				CLANG_WARN_ENUM_CONVERSION = YES;
				CLANG_WARN_INFINITE_RECURSION = YES;
				CLANG_WARN_INT_CONVERSION = YES;
				CLANG_WARN_NON_LITERAL_NULL_CONVERSION = YES;
				CLANG_WARN_OBJC_IMPLICIT_RETAIN_SELF = YES;
				CLANG_WARN_OBJC_LITERAL_CONVERSION = YES;
				CLANG_WARN_OBJC_ROOT_CLASS = YES_ERROR;
				CLANG_WARN_RANGE_LOOP_ANALYSIS = YES;
				CLANG_WARN_STRICT_PROTOTYPES = YES;
				CLANG_WARN_SUSPICIOUS_MOVE = YES;
				CLANG_WARN_UNGUARDED_AVAILABILITY = YES_AGGRESSIVE;
				CLANG_WARN_UNREACHABLE_CODE = YES;
				CLANG_WARN__DUPLICATE_METHOD_MATCH = YES;
				COPY_PHASE_STRIP = NO;
				DEBUG_INFORMATION_FORMAT = dwarf;
				ENABLE_STRICT_OBJC_MSGSEND = YES;
				ENABLE_TESTABILITY = YES;
				GCC_C_LANGUAGE_STANDARD = gnu11;
				GCC_DYNAMIC_NO_PIC = NO;
				GCC_NO_COMMON_BLOCKS = YES;
				GCC_OPTIMIZATION_LEVEL = 0;
				GCC_PREPROCESSOR_DEFINITIONS = (
					"DEBUG=1",
					"$(inherited)",
				);
				GCC_WARN_64_TO_32_BIT_CONVERSION = YES;
				GCC_WARN_ABOUT_RETURN_TYPE = YES_ERROR;
				GCC_WARN_UNDECLARED_SELECTOR = YES;
				GCC_WARN_UNINITIALIZED_AUTOS = YES_AGGRESSIVE;
				GCC_WARN_UNUSED_FUNCTION = YES;
				GCC_WARN_UNUSED_VARIABLE = YES;
				IPHONEOS_DEPLOYMENT_TARGET = 13.1;
				MTL_ENABLE_DEBUG_INFO = INCLUDE_SOURCE;
				MTL_FAST_MATH = YES;
				ONLY_ACTIVE_ARCH = YES;
				SDKROOT = iphoneos;
				SWIFT_ACTIVE_COMPILATION_CONDITIONS = DEBUG;
				SWIFT_OPTIMIZATION_LEVEL = "-Onone";
			};
			name = Debug;
		};
		976F30982386EB39009C0880 /* Release */ = {
			isa = XCBuildConfiguration;
			buildSettings = {
				ALWAYS_SEARCH_USER_PATHS = NO;
				CLANG_ANALYZER_NONNULL = YES;
				CLANG_ANALYZER_NUMBER_OBJECT_CONVERSION = YES_AGGRESSIVE;
				CLANG_CXX_LANGUAGE_STANDARD = "gnu++14";
				CLANG_CXX_LIBRARY = "libc++";
				CLANG_ENABLE_MODULES = YES;
				CLANG_ENABLE_OBJC_ARC = YES;
				CLANG_ENABLE_OBJC_WEAK = YES;
				CLANG_WARN_BLOCK_CAPTURE_AUTORELEASING = YES;
				CLANG_WARN_BOOL_CONVERSION = YES;
				CLANG_WARN_COMMA = YES;
				CLANG_WARN_CONSTANT_CONVERSION = YES;
				CLANG_WARN_DEPRECATED_OBJC_IMPLEMENTATIONS = YES;
				CLANG_WARN_DIRECT_OBJC_ISA_USAGE = YES_ERROR;
				CLANG_WARN_DOCUMENTATION_COMMENTS = YES;
				CLANG_WARN_EMPTY_BODY = YES;
				CLANG_WARN_ENUM_CONVERSION = YES;
				CLANG_WARN_INFINITE_RECURSION = YES;
				CLANG_WARN_INT_CONVERSION = YES;
				CLANG_WARN_NON_LITERAL_NULL_CONVERSION = YES;
				CLANG_WARN_OBJC_IMPLICIT_RETAIN_SELF = YES;
				CLANG_WARN_OBJC_LITERAL_CONVERSION = YES;
				CLANG_WARN_OBJC_ROOT_CLASS = YES_ERROR;
				CLANG_WARN_RANGE_LOOP_ANALYSIS = YES;
				CLANG_WARN_STRICT_PROTOTYPES = YES;
				CLANG_WARN_SUSPICIOUS_MOVE = YES;
				CLANG_WARN_UNGUARDED_AVAILABILITY = YES_AGGRESSIVE;
				CLANG_WARN_UNREACHABLE_CODE = YES;
				CLANG_WARN__DUPLICATE_METHOD_MATCH = YES;
				COPY_PHASE_STRIP = NO;
				DEBUG_INFORMATION_FORMAT = "dwarf-with-dsym";
				ENABLE_NS_ASSERTIONS = NO;
				ENABLE_STRICT_OBJC_MSGSEND = YES;
				GCC_C_LANGUAGE_STANDARD = gnu11;
				GCC_NO_COMMON_BLOCKS = YES;
				GCC_WARN_64_TO_32_BIT_CONVERSION = YES;
				GCC_WARN_ABOUT_RETURN_TYPE = YES_ERROR;
				GCC_WARN_UNDECLARED_SELECTOR = YES;
				GCC_WARN_UNINITIALIZED_AUTOS = YES_AGGRESSIVE;
				GCC_WARN_UNUSED_FUNCTION = YES;
				GCC_WARN_UNUSED_VARIABLE = YES;
				IPHONEOS_DEPLOYMENT_TARGET = 13.1;
				MTL_ENABLE_DEBUG_INFO = NO;
				MTL_FAST_MATH = YES;
				SDKROOT = iphoneos;
				SWIFT_COMPILATION_MODE = wholemodule;
				SWIFT_OPTIMIZATION_LEVEL = "-O";
				VALIDATE_PRODUCT = YES;
			};
			name = Release;
		};
		976F309A2386EB39009C0880 /* Debug */ = {
			isa = XCBuildConfiguration;
			buildSettings = {
				ASSETCATALOG_COMPILER_APPICON_NAME = AppIcon;
				CODE_SIGN_STYLE = Automatic;
				DEVELOPMENT_TEAM = 5CMXYD37HJ;
				INFOPLIST_FILE = FirebaseProject/Info.plist;
				LD_RUNPATH_SEARCH_PATHS = (
					"$(inherited)",
					"@executable_path/Frameworks",
				);
				PRODUCT_BUNDLE_IDENTIFIER = Antnee.FirebaseProject;
				PRODUCT_NAME = "$(TARGET_NAME)";
				SWIFT_VERSION = 5.0;
				TARGETED_DEVICE_FAMILY = "1,2";
			};
			name = Debug;
		};
		976F309B2386EB39009C0880 /* Release */ = {
			isa = XCBuildConfiguration;
			buildSettings = {
				ASSETCATALOG_COMPILER_APPICON_NAME = AppIcon;
				CODE_SIGN_STYLE = Automatic;
				DEVELOPMENT_TEAM = 5CMXYD37HJ;
				INFOPLIST_FILE = FirebaseProject/Info.plist;
				LD_RUNPATH_SEARCH_PATHS = (
					"$(inherited)",
					"@executable_path/Frameworks",
				);
				PRODUCT_BUNDLE_IDENTIFIER = Antnee.FirebaseProject;
				PRODUCT_NAME = "$(TARGET_NAME)";
				SWIFT_VERSION = 5.0;
				TARGETED_DEVICE_FAMILY = "1,2";
			};
			name = Release;
		};
/* End XCBuildConfiguration section */

/* Begin XCConfigurationList section */
		976F30802386EB35009C0880 /* Build configuration list for PBXProject "FirebaseProject" */ = {
			isa = XCConfigurationList;
			buildConfigurations = (
				976F30972386EB39009C0880 /* Debug */,
				976F30982386EB39009C0880 /* Release */,
			);
			defaultConfigurationIsVisible = 0;
			defaultConfigurationName = Release;
		};
		976F30992386EB39009C0880 /* Build configuration list for PBXNativeTarget "FirebaseProject" */ = {
			isa = XCConfigurationList;
			buildConfigurations = (
				976F309A2386EB39009C0880 /* Debug */,
				976F309B2386EB39009C0880 /* Release */,
			);
			defaultConfigurationIsVisible = 0;
			defaultConfigurationName = Release;
		};
/* End XCConfigurationList section */
	};
	rootObject = 976F307D2386EB35009C0880 /* Project object */;
}
